// !$*UTF8*$!
{
	archiveVersion = 1;
	classes = {
	};
	objectVersion = 48;
	objects = {

/* Begin PBXBuildFile section */
		491E24431F68F9B300B5F2A0 /* ScheduleTableViewController.swift in Sources */ = {isa = PBXBuildFile; fileRef = 491E24421F68F9B300B5F2A0 /* ScheduleTableViewController.swift */; };
		492F69A81F6A22AF009C895C /* parkmap.pdf in Resources */ = {isa = PBXBuildFile; fileRef = 492F69A71F6A22AF009C895C /* parkmap.pdf */; };
		492F69AA1F6A2FCE009C895C /* ScheduleViewController.swift in Sources */ = {isa = PBXBuildFile; fileRef = 492F69A91F6A2FCE009C895C /* ScheduleViewController.swift */; };
		4955E4931F68FB6700586CC1 /* CustomTableViewCell.swift in Sources */ = {isa = PBXBuildFile; fileRef = 4955E4921F68FB6700586CC1 /* CustomTableViewCell.swift */; };
		495784661F6A4B16001B4539 /* BLUE-22.pdf in Resources */ = {isa = PBXBuildFile; fileRef = 4957845C1F6A4B16001B4539 /* BLUE-22.pdf */; };
		495784671F6A4B16001B4539 /* TAN-35.pdf in Resources */ = {isa = PBXBuildFile; fileRef = 4957845D1F6A4B16001B4539 /* TAN-35.pdf */; };
		495784681F6A4B16001B4539 /* ROUTE-13.pdf in Resources */ = {isa = PBXBuildFile; fileRef = 4957845E1F6A4B16001B4539 /* ROUTE-13.pdf */; };
		495784691F6A4B16001B4539 /* REMOTEEXPRESS-48.pdf in Resources */ = {isa = PBXBuildFile; fileRef = 4957845F1F6A4B16001B4539 /* REMOTEEXPRESS-48.pdf */; };
		4957846A1F6A4B16001B4539 /* RED-26.pdf in Resources */ = {isa = PBXBuildFile; fileRef = 495784601F6A4B16001B4539 /* RED-26.pdf */; };
		4957846B1F6A4B16001B4539 /* PURPLE-44.pdf in Resources */ = {isa = PBXBuildFile; fileRef = 495784611F6A4B16001B4539 /* PURPLE-44.pdf */; };
		4957846C1F6A4B16001B4539 /* ORANGE-33.pdf in Resources */ = {isa = PBXBuildFile; fileRef = 495784621F6A4B16001B4539 /* ORANGE-33.pdf */; };
		4957846D1F6A4B16001B4539 /* GREEN-11.pdf in Resources */ = {isa = PBXBuildFile; fileRef = 495784631F6A4B16001B4539 /* GREEN-11.pdf */; };
		4957846E1F6A4B16001B4539 /* DICKSONST-07.pdf in Resources */ = {isa = PBXBuildFile; fileRef = 495784641F6A4B16001B4539 /* DICKSONST-07.pdf */; };
		4957846F1F6A4B16001B4539 /* BROWN-17.pdf in Resources */ = {isa = PBXBuildFile; fileRef = 495784651F6A4B16001B4539 /* BROWN-17.pdf */; };
		495784711F6A4F29001B4539 /* RouteMapTableViewController.swift in Sources */ = {isa = PBXBuildFile; fileRef = 495784701F6A4F29001B4539 /* RouteMapTableViewController.swift */; };
		495784731F6A5087001B4539 /* RouteMapWebViewController.swift in Sources */ = {isa = PBXBuildFile; fileRef = 495784721F6A5087001B4539 /* RouteMapWebViewController.swift */; };
		49798C331F68CEC8003C0CEB /* AppDelegate.swift in Sources */ = {isa = PBXBuildFile; fileRef = 49798C321F68CEC8003C0CEB /* AppDelegate.swift */; };
		49798C351F68CEC8003C0CEB /* LiveMapViewController.swift in Sources */ = {isa = PBXBuildFile; fileRef = 49798C341F68CEC8003C0CEB /* LiveMapViewController.swift */; };
		49798C381F68CEC8003C0CEB /* Main.storyboard in Resources */ = {isa = PBXBuildFile; fileRef = 49798C361F68CEC8003C0CEB /* Main.storyboard */; };
		49798C3A1F68CEC8003C0CEB /* Assets.xcassets in Resources */ = {isa = PBXBuildFile; fileRef = 49798C391F68CEC8003C0CEB /* Assets.xcassets */; };
		49798C3D1F68CEC8003C0CEB /* LaunchScreen.storyboard in Resources */ = {isa = PBXBuildFile; fileRef = 49798C3B1F68CEC8003C0CEB /* LaunchScreen.storyboard */; };
		49798C481F68CEC9003C0CEB /* Razorback_TransitTests.swift in Sources */ = {isa = PBXBuildFile; fileRef = 49798C471F68CEC9003C0CEB /* Razorback_TransitTests.swift */; };
		49798C531F68CEC9003C0CEB /* Razorback_TransitUITests.swift in Sources */ = {isa = PBXBuildFile; fileRef = 49798C521F68CEC9003C0CEB /* Razorback_TransitUITests.swift */; };
		4984DE191F6B40780040F1CD /* BLUEREDUCED-02.pdf in Resources */ = {isa = PBXBuildFile; fileRef = 4984DE131F6B40780040F1CD /* BLUEREDUCED-02.pdf */; };
		4984DE1A1F6B40780040F1CD /* GREENREDUCED-01.pdf in Resources */ = {isa = PBXBuildFile; fileRef = 4984DE141F6B40780040F1CD /* GREENREDUCED-01.pdf */; };
		4984DE1B1F6B40780040F1CD /* ORANGEREDUCED-03.pdf in Resources */ = {isa = PBXBuildFile; fileRef = 4984DE151F6B40780040F1CD /* ORANGEREDUCED-03.pdf */; };
		4984DE1C1F6B40780040F1CD /* PURPLEREDUCED-04.pdf in Resources */ = {isa = PBXBuildFile; fileRef = 4984DE161F6B40780040F1CD /* PURPLEREDUCED-04.pdf */; };
		4984DE1D1F6B40780040F1CD /* REDREDUCED-06.pdf in Resources */ = {isa = PBXBuildFile; fileRef = 4984DE171F6B40780040F1CD /* REDREDUCED-06.pdf */; };
		4984DE1E1F6B40780040F1CD /* TANREDUCED-05.pdf in Resources */ = {isa = PBXBuildFile; fileRef = 4984DE181F6B40780040F1CD /* TANREDUCED-05.pdf */; };
		49975BB21F6F40BE009A0D1E /* SelectedRows.swift in Sources */ = {isa = PBXBuildFile; fileRef = 49975BB11F6F40BE009A0D1E /* SelectedRows.swift */; };
		49DD4BCE1F6D94DD0099A70B /* Reachability.swift in Sources */ = {isa = PBXBuildFile; fileRef = 49DD4BCD1F6D94DD0099A70B /* Reachability.swift */; };
		49DE19371F6B47CD001EA719 /* REDREDUCED-06-ROUTE.pdf in Resources */ = {isa = PBXBuildFile; fileRef = 49DE19311F6B47CD001EA719 /* REDREDUCED-06-ROUTE.pdf */; };
		49DE19381F6B47CD001EA719 /* TANREDUCED-05-ROUTE.pdf in Resources */ = {isa = PBXBuildFile; fileRef = 49DE19321F6B47CD001EA719 /* TANREDUCED-05-ROUTE.pdf */; };
		49DE19391F6B47CD001EA719 /* PURPLEREDUCED-04-ROUTE.pdf in Resources */ = {isa = PBXBuildFile; fileRef = 49DE19331F6B47CD001EA719 /* PURPLEREDUCED-04-ROUTE.pdf */; };
		49DE193A1F6B47CD001EA719 /* ORANGEREDUCED-03-ROUTE.pdf in Resources */ = {isa = PBXBuildFile; fileRef = 49DE19341F6B47CD001EA719 /* ORANGEREDUCED-03-ROUTE.pdf */; };
		49DE193B1F6B47CD001EA719 /* BLUEREDUCED-02-ROUTE.pdf in Resources */ = {isa = PBXBuildFile; fileRef = 49DE19351F6B47CD001EA719 /* BLUEREDUCED-02-ROUTE.pdf */; };
		49DE193C1F6B47CD001EA719 /* GREENREDUCED-01-ROUTE.pdf in Resources */ = {isa = PBXBuildFile; fileRef = 49DE19361F6B47CD001EA719 /* GREENREDUCED-01-ROUTE.pdf */; };
		49DE19471F6B47E5001EA719 /* REMOTEEXPRESS-48-ROUTE.pdf in Resources */ = {isa = PBXBuildFile; fileRef = 49DE193D1F6B47E5001EA719 /* REMOTEEXPRESS-48-ROUTE.pdf */; };
		49DE19481F6B47E5001EA719 /* PURPLE-44-ROUTE.pdf in Resources */ = {isa = PBXBuildFile; fileRef = 49DE193E1F6B47E5001EA719 /* PURPLE-44-ROUTE.pdf */; };
		49DE19491F6B47E5001EA719 /* TAN-35-ROUTE.pdf in Resources */ = {isa = PBXBuildFile; fileRef = 49DE193F1F6B47E5001EA719 /* TAN-35-ROUTE.pdf */; };
		49DE194A1F6B47E5001EA719 /* ORANGE-33-ROUTE.pdf in Resources */ = {isa = PBXBuildFile; fileRef = 49DE19401F6B47E5001EA719 /* ORANGE-33-ROUTE.pdf */; };
		49DE194B1F6B47E5001EA719 /* RED-26-ROUTE.pdf in Resources */ = {isa = PBXBuildFile; fileRef = 49DE19411F6B47E5001EA719 /* RED-26-ROUTE.pdf */; };
		49DE194C1F6B47E5001EA719 /* BLUE-22-ROUTE.pdf in Resources */ = {isa = PBXBuildFile; fileRef = 49DE19421F6B47E5001EA719 /* BLUE-22-ROUTE.pdf */; };
		49DE194D1F6B47E5001EA719 /* BROWN-17-ROUTE.pdf in Resources */ = {isa = PBXBuildFile; fileRef = 49DE19431F6B47E5001EA719 /* BROWN-17-ROUTE.pdf */; };
		49DE194E1F6B47E5001EA719 /* ROUTE-13-ROUTE.pdf in Resources */ = {isa = PBXBuildFile; fileRef = 49DE19441F6B47E5001EA719 /* ROUTE-13-ROUTE.pdf */; };
		49DE194F1F6B47E5001EA719 /* GREEN-11-ROUTE.pdf in Resources */ = {isa = PBXBuildFile; fileRef = 49DE19451F6B47E5001EA719 /* GREEN-11-ROUTE.pdf */; };
		49DE19501F6B47E5001EA719 /* DICKSONST-07-ROUTE.pdf in Resources */ = {isa = PBXBuildFile; fileRef = 49DE19461F6B47E5001EA719 /* DICKSONST-07-ROUTE.pdf */; };
		49DE19541F6B5C71001EA719 /* ParkingMapViewController.swift in Sources */ = {isa = PBXBuildFile; fileRef = 49DE19531F6B5C71001EA719 /* ParkingMapViewController.swift */; };
		49DE195D1F6B6FE4001EA719 /* PDFFile.swift in Sources */ = {isa = PBXBuildFile; fileRef = 49DE195C1F6B6FE4001EA719 /* PDFFile.swift */; };
		49DE19611F6B724D001EA719 /* Constants.swift in Sources */ = {isa = PBXBuildFile; fileRef = 49DE19601F6B724D001EA719 /* Constants.swift */; };
		49DE19651F6B7A33001EA719 /* BaseTableViewController.swift in Sources */ = {isa = PBXBuildFile; fileRef = 49DE19641F6B7A33001EA719 /* BaseTableViewController.swift */; };
		49DE19671F6B8058001EA719 /* BaseViewController.swift in Sources */ = {isa = PBXBuildFile; fileRef = 49DE19661F6B8058001EA719 /* BaseViewController.swift */; };
		49F8B9661F702B5400D30278 /* RequestUserReview.swift in Sources */ = {isa = PBXBuildFile; fileRef = 49F8B9651F702B5400D30278 /* RequestUserReview.swift */; };
/* End PBXBuildFile section */

/* Begin PBXContainerItemProxy section */
		49798C441F68CEC9003C0CEB /* PBXContainerItemProxy */ = {
			isa = PBXContainerItemProxy;
			containerPortal = 49798C271F68CEC8003C0CEB /* Project object */;
			proxyType = 1;
			remoteGlobalIDString = 49798C2E1F68CEC8003C0CEB;
			remoteInfo = "Razorback Transit";
		};
		49798C4F1F68CEC9003C0CEB /* PBXContainerItemProxy */ = {
			isa = PBXContainerItemProxy;
			containerPortal = 49798C271F68CEC8003C0CEB /* Project object */;
			proxyType = 1;
			remoteGlobalIDString = 49798C2E1F68CEC8003C0CEB;
			remoteInfo = "Razorback Transit";
		};
/* End PBXContainerItemProxy section */

/* Begin PBXFileReference section */
		491E24421F68F9B300B5F2A0 /* ScheduleTableViewController.swift */ = {isa = PBXFileReference; fileEncoding = 4; lastKnownFileType = sourcecode.swift; path = ScheduleTableViewController.swift; sourceTree = "<group>"; };
		492F69A71F6A22AF009C895C /* parkmap.pdf */ = {isa = PBXFileReference; lastKnownFileType = image.pdf; path = parkmap.pdf; sourceTree = "<group>"; };
		492F69A91F6A2FCE009C895C /* ScheduleViewController.swift */ = {isa = PBXFileReference; fileEncoding = 4; lastKnownFileType = sourcecode.swift; path = ScheduleViewController.swift; sourceTree = "<group>"; };
		4955E4921F68FB6700586CC1 /* CustomTableViewCell.swift */ = {isa = PBXFileReference; fileEncoding = 4; lastKnownFileType = sourcecode.swift; path = CustomTableViewCell.swift; sourceTree = "<group>"; };
		4957845C1F6A4B16001B4539 /* BLUE-22.pdf */ = {isa = PBXFileReference; lastKnownFileType = image.pdf; path = "BLUE-22.pdf"; sourceTree = "<group>"; };
		4957845D1F6A4B16001B4539 /* TAN-35.pdf */ = {isa = PBXFileReference; lastKnownFileType = image.pdf; path = "TAN-35.pdf"; sourceTree = "<group>"; };
		4957845E1F6A4B16001B4539 /* ROUTE-13.pdf */ = {isa = PBXFileReference; lastKnownFileType = image.pdf; path = "ROUTE-13.pdf"; sourceTree = "<group>"; };
		4957845F1F6A4B16001B4539 /* REMOTEEXPRESS-48.pdf */ = {isa = PBXFileReference; lastKnownFileType = image.pdf; path = "REMOTEEXPRESS-48.pdf"; sourceTree = "<group>"; };
		495784601F6A4B16001B4539 /* RED-26.pdf */ = {isa = PBXFileReference; lastKnownFileType = image.pdf; path = "RED-26.pdf"; sourceTree = "<group>"; };
		495784611F6A4B16001B4539 /* PURPLE-44.pdf */ = {isa = PBXFileReference; lastKnownFileType = image.pdf; path = "PURPLE-44.pdf"; sourceTree = "<group>"; };
		495784621F6A4B16001B4539 /* ORANGE-33.pdf */ = {isa = PBXFileReference; lastKnownFileType = image.pdf; path = "ORANGE-33.pdf"; sourceTree = "<group>"; };
		495784631F6A4B16001B4539 /* GREEN-11.pdf */ = {isa = PBXFileReference; lastKnownFileType = image.pdf; path = "GREEN-11.pdf"; sourceTree = "<group>"; };
		495784641F6A4B16001B4539 /* DICKSONST-07.pdf */ = {isa = PBXFileReference; lastKnownFileType = image.pdf; path = "DICKSONST-07.pdf"; sourceTree = "<group>"; };
		495784651F6A4B16001B4539 /* BROWN-17.pdf */ = {isa = PBXFileReference; lastKnownFileType = image.pdf; path = "BROWN-17.pdf"; sourceTree = "<group>"; };
		495784701F6A4F29001B4539 /* RouteMapTableViewController.swift */ = {isa = PBXFileReference; fileEncoding = 4; lastKnownFileType = sourcecode.swift; path = RouteMapTableViewController.swift; sourceTree = "<group>"; };
		495784721F6A5087001B4539 /* RouteMapWebViewController.swift */ = {isa = PBXFileReference; fileEncoding = 4; lastKnownFileType = sourcecode.swift; path = RouteMapWebViewController.swift; sourceTree = "<group>"; };
		49798C2F1F68CEC8003C0CEB /* Razorback Transit.app */ = {isa = PBXFileReference; explicitFileType = wrapper.application; includeInIndex = 0; path = "Razorback Transit.app"; sourceTree = BUILT_PRODUCTS_DIR; };
		49798C321F68CEC8003C0CEB /* AppDelegate.swift */ = {isa = PBXFileReference; lastKnownFileType = sourcecode.swift; path = AppDelegate.swift; sourceTree = "<group>"; };
		49798C341F68CEC8003C0CEB /* LiveMapViewController.swift */ = {isa = PBXFileReference; lastKnownFileType = sourcecode.swift; path = LiveMapViewController.swift; sourceTree = "<group>"; };
		49798C371F68CEC8003C0CEB /* Base */ = {isa = PBXFileReference; lastKnownFileType = file.storyboard; name = Base; path = Base.lproj/Main.storyboard; sourceTree = "<group>"; };
		49798C391F68CEC8003C0CEB /* Assets.xcassets */ = {isa = PBXFileReference; lastKnownFileType = folder.assetcatalog; path = Assets.xcassets; sourceTree = "<group>"; };
		49798C3C1F68CEC8003C0CEB /* Base */ = {isa = PBXFileReference; lastKnownFileType = file.storyboard; name = Base; path = Base.lproj/LaunchScreen.storyboard; sourceTree = "<group>"; };
		49798C3E1F68CEC8003C0CEB /* Info.plist */ = {isa = PBXFileReference; lastKnownFileType = text.plist.xml; path = Info.plist; sourceTree = "<group>"; };
		49798C431F68CEC9003C0CEB /* Razorback TransitTests.xctest */ = {isa = PBXFileReference; explicitFileType = wrapper.cfbundle; includeInIndex = 0; path = "Razorback TransitTests.xctest"; sourceTree = BUILT_PRODUCTS_DIR; };
		49798C471F68CEC9003C0CEB /* Razorback_TransitTests.swift */ = {isa = PBXFileReference; lastKnownFileType = sourcecode.swift; path = Razorback_TransitTests.swift; sourceTree = "<group>"; };
		49798C491F68CEC9003C0CEB /* Info.plist */ = {isa = PBXFileReference; lastKnownFileType = text.plist.xml; path = Info.plist; sourceTree = "<group>"; };
		49798C4E1F68CEC9003C0CEB /* Razorback TransitUITests.xctest */ = {isa = PBXFileReference; explicitFileType = wrapper.cfbundle; includeInIndex = 0; path = "Razorback TransitUITests.xctest"; sourceTree = BUILT_PRODUCTS_DIR; };
		49798C521F68CEC9003C0CEB /* Razorback_TransitUITests.swift */ = {isa = PBXFileReference; lastKnownFileType = sourcecode.swift; path = Razorback_TransitUITests.swift; sourceTree = "<group>"; };
		49798C541F68CEC9003C0CEB /* Info.plist */ = {isa = PBXFileReference; lastKnownFileType = text.plist.xml; path = Info.plist; sourceTree = "<group>"; };
		4984DE131F6B40780040F1CD /* BLUEREDUCED-02.pdf */ = {isa = PBXFileReference; lastKnownFileType = image.pdf; path = "BLUEREDUCED-02.pdf"; sourceTree = "<group>"; };
		4984DE141F6B40780040F1CD /* GREENREDUCED-01.pdf */ = {isa = PBXFileReference; lastKnownFileType = image.pdf; path = "GREENREDUCED-01.pdf"; sourceTree = "<group>"; };
		4984DE151F6B40780040F1CD /* ORANGEREDUCED-03.pdf */ = {isa = PBXFileReference; lastKnownFileType = image.pdf; path = "ORANGEREDUCED-03.pdf"; sourceTree = "<group>"; };
		4984DE161F6B40780040F1CD /* PURPLEREDUCED-04.pdf */ = {isa = PBXFileReference; lastKnownFileType = image.pdf; path = "PURPLEREDUCED-04.pdf"; sourceTree = "<group>"; };
		4984DE171F6B40780040F1CD /* REDREDUCED-06.pdf */ = {isa = PBXFileReference; lastKnownFileType = image.pdf; path = "REDREDUCED-06.pdf"; sourceTree = "<group>"; };
		4984DE181F6B40780040F1CD /* TANREDUCED-05.pdf */ = {isa = PBXFileReference; lastKnownFileType = image.pdf; path = "TANREDUCED-05.pdf"; sourceTree = "<group>"; };
		49975BB11F6F40BE009A0D1E /* SelectedRows.swift */ = {isa = PBXFileReference; fileEncoding = 4; lastKnownFileType = sourcecode.swift; path = SelectedRows.swift; sourceTree = "<group>"; };
		49DD4BCD1F6D94DD0099A70B /* Reachability.swift */ = {isa = PBXFileReference; fileEncoding = 4; lastKnownFileType = sourcecode.swift; path = Reachability.swift; sourceTree = "<group>"; };
		49DE19311F6B47CD001EA719 /* REDREDUCED-06-ROUTE.pdf */ = {isa = PBXFileReference; lastKnownFileType = image.pdf; path = "REDREDUCED-06-ROUTE.pdf"; sourceTree = "<group>"; };
		49DE19321F6B47CD001EA719 /* TANREDUCED-05-ROUTE.pdf */ = {isa = PBXFileReference; lastKnownFileType = image.pdf; path = "TANREDUCED-05-ROUTE.pdf"; sourceTree = "<group>"; };
		49DE19331F6B47CD001EA719 /* PURPLEREDUCED-04-ROUTE.pdf */ = {isa = PBXFileReference; lastKnownFileType = image.pdf; path = "PURPLEREDUCED-04-ROUTE.pdf"; sourceTree = "<group>"; };
		49DE19341F6B47CD001EA719 /* ORANGEREDUCED-03-ROUTE.pdf */ = {isa = PBXFileReference; lastKnownFileType = image.pdf; path = "ORANGEREDUCED-03-ROUTE.pdf"; sourceTree = "<group>"; };
		49DE19351F6B47CD001EA719 /* BLUEREDUCED-02-ROUTE.pdf */ = {isa = PBXFileReference; lastKnownFileType = image.pdf; path = "BLUEREDUCED-02-ROUTE.pdf"; sourceTree = "<group>"; };
		49DE19361F6B47CD001EA719 /* GREENREDUCED-01-ROUTE.pdf */ = {isa = PBXFileReference; lastKnownFileType = image.pdf; path = "GREENREDUCED-01-ROUTE.pdf"; sourceTree = "<group>"; };
		49DE193D1F6B47E5001EA719 /* REMOTEEXPRESS-48-ROUTE.pdf */ = {isa = PBXFileReference; lastKnownFileType = image.pdf; path = "REMOTEEXPRESS-48-ROUTE.pdf"; sourceTree = "<group>"; };
		49DE193E1F6B47E5001EA719 /* PURPLE-44-ROUTE.pdf */ = {isa = PBXFileReference; lastKnownFileType = image.pdf; path = "PURPLE-44-ROUTE.pdf"; sourceTree = "<group>"; };
		49DE193F1F6B47E5001EA719 /* TAN-35-ROUTE.pdf */ = {isa = PBXFileReference; lastKnownFileType = image.pdf; path = "TAN-35-ROUTE.pdf"; sourceTree = "<group>"; };
		49DE19401F6B47E5001EA719 /* ORANGE-33-ROUTE.pdf */ = {isa = PBXFileReference; lastKnownFileType = image.pdf; path = "ORANGE-33-ROUTE.pdf"; sourceTree = "<group>"; };
		49DE19411F6B47E5001EA719 /* RED-26-ROUTE.pdf */ = {isa = PBXFileReference; lastKnownFileType = image.pdf; path = "RED-26-ROUTE.pdf"; sourceTree = "<group>"; };
		49DE19421F6B47E5001EA719 /* BLUE-22-ROUTE.pdf */ = {isa = PBXFileReference; lastKnownFileType = image.pdf; path = "BLUE-22-ROUTE.pdf"; sourceTree = "<group>"; };
		49DE19431F6B47E5001EA719 /* BROWN-17-ROUTE.pdf */ = {isa = PBXFileReference; lastKnownFileType = image.pdf; path = "BROWN-17-ROUTE.pdf"; sourceTree = "<group>"; };
		49DE19441F6B47E5001EA719 /* ROUTE-13-ROUTE.pdf */ = {isa = PBXFileReference; lastKnownFileType = image.pdf; path = "ROUTE-13-ROUTE.pdf"; sourceTree = "<group>"; };
		49DE19451F6B47E5001EA719 /* GREEN-11-ROUTE.pdf */ = {isa = PBXFileReference; lastKnownFileType = image.pdf; path = "GREEN-11-ROUTE.pdf"; sourceTree = "<group>"; };
		49DE19461F6B47E5001EA719 /* DICKSONST-07-ROUTE.pdf */ = {isa = PBXFileReference; lastKnownFileType = image.pdf; path = "DICKSONST-07-ROUTE.pdf"; sourceTree = "<group>"; };
		49DE19531F6B5C71001EA719 /* ParkingMapViewController.swift */ = {isa = PBXFileReference; fileEncoding = 4; lastKnownFileType = sourcecode.swift; path = ParkingMapViewController.swift; sourceTree = "<group>"; };
		49DE195C1F6B6FE4001EA719 /* PDFFile.swift */ = {isa = PBXFileReference; fileEncoding = 4; lastKnownFileType = sourcecode.swift; path = PDFFile.swift; sourceTree = "<group>"; };
		49DE19601F6B724D001EA719 /* Constants.swift */ = {isa = PBXFileReference; fileEncoding = 4; lastKnownFileType = sourcecode.swift; path = Constants.swift; sourceTree = "<group>"; };
		49DE19641F6B7A33001EA719 /* BaseTableViewController.swift */ = {isa = PBXFileReference; fileEncoding = 4; lastKnownFileType = sourcecode.swift; path = BaseTableViewController.swift; sourceTree = "<group>"; };
		49DE19661F6B8058001EA719 /* BaseViewController.swift */ = {isa = PBXFileReference; fileEncoding = 4; lastKnownFileType = sourcecode.swift; path = BaseViewController.swift; sourceTree = "<group>"; };
		49F8B9651F702B5400D30278 /* RequestUserReview.swift */ = {isa = PBXFileReference; fileEncoding = 4; lastKnownFileType = sourcecode.swift; path = RequestUserReview.swift; sourceTree = "<group>"; };
/* End PBXFileReference section */

/* Begin PBXFrameworksBuildPhase section */
		49798C2C1F68CEC8003C0CEB /* Frameworks */ = {
			isa = PBXFrameworksBuildPhase;
			buildActionMask = 2147483647;
			files = (
			);
			runOnlyForDeploymentPostprocessing = 0;
		};
		49798C401F68CEC9003C0CEB /* Frameworks */ = {
			isa = PBXFrameworksBuildPhase;
			buildActionMask = 2147483647;
			files = (
			);
			runOnlyForDeploymentPostprocessing = 0;
		};
		49798C4B1F68CEC9003C0CEB /* Frameworks */ = {
			isa = PBXFrameworksBuildPhase;
			buildActionMask = 2147483647;
			files = (
			);
			runOnlyForDeploymentPostprocessing = 0;
		};
/* End PBXFrameworksBuildPhase section */

/* Begin PBXGroup section */
		492F69A61F6A221D009C895C /* Maps */ = {
			isa = PBXGroup;
			children = (
				49DE19301F6B455B001EA719 /* ReducedRoutes */,
				49DE192F1F6B4553001EA719 /* RegularRoutes */,
				492F69A71F6A22AF009C895C /* parkmap.pdf */,
				496C180C1F68DD29003E51A4 /* ReducedSchedules */,
				496C17F71F68DCE6003E51A4 /* RegularSchedules */,
			);
			name = Maps;
			sourceTree = "<group>";
		};
		496C17F71F68DCE6003E51A4 /* RegularSchedules */ = {
			isa = PBXGroup;
			children = (
				4957845C1F6A4B16001B4539 /* BLUE-22.pdf */,
				4957845D1F6A4B16001B4539 /* TAN-35.pdf */,
				4957845E1F6A4B16001B4539 /* ROUTE-13.pdf */,
				4957845F1F6A4B16001B4539 /* REMOTEEXPRESS-48.pdf */,
				495784601F6A4B16001B4539 /* RED-26.pdf */,
				495784611F6A4B16001B4539 /* PURPLE-44.pdf */,
				495784621F6A4B16001B4539 /* ORANGE-33.pdf */,
				495784631F6A4B16001B4539 /* GREEN-11.pdf */,
				495784641F6A4B16001B4539 /* DICKSONST-07.pdf */,
				495784651F6A4B16001B4539 /* BROWN-17.pdf */,
			);
			name = RegularSchedules;
			sourceTree = "<group>";
		};
		496C180C1F68DD29003E51A4 /* ReducedSchedules */ = {
			isa = PBXGroup;
			children = (
				4984DE131F6B40780040F1CD /* BLUEREDUCED-02.pdf */,
				4984DE141F6B40780040F1CD /* GREENREDUCED-01.pdf */,
				4984DE151F6B40780040F1CD /* ORANGEREDUCED-03.pdf */,
				4984DE161F6B40780040F1CD /* PURPLEREDUCED-04.pdf */,
				4984DE171F6B40780040F1CD /* REDREDUCED-06.pdf */,
				4984DE181F6B40780040F1CD /* TANREDUCED-05.pdf */,
			);
			name = ReducedSchedules;
			sourceTree = "<group>";
		};
		49798C261F68CEC8003C0CEB = {
			isa = PBXGroup;
			children = (
				49798C311F68CEC8003C0CEB /* Razorback Transit */,
				49798C461F68CEC9003C0CEB /* Razorback TransitTests */,
				49798C511F68CEC9003C0CEB /* Razorback TransitUITests */,
				49798C301F68CEC8003C0CEB /* Products */,
			);
			sourceTree = "<group>";
		};
		49798C301F68CEC8003C0CEB /* Products */ = {
			isa = PBXGroup;
			children = (
				49798C2F1F68CEC8003C0CEB /* Razorback Transit.app */,
				49798C431F68CEC9003C0CEB /* Razorback TransitTests.xctest */,
				49798C4E1F68CEC9003C0CEB /* Razorback TransitUITests.xctest */,
			);
			name = Products;
			sourceTree = "<group>";
		};
		49798C311F68CEC8003C0CEB /* Razorback Transit */ = {
			isa = PBXGroup;
			children = (
				49DE19551F6B5FBA001EA719 /* Cells */,
				49DE192E1F6B437F001EA719 /* View Controllers */,
				492F69A61F6A221D009C895C /* Maps */,
				49798C361F68CEC8003C0CEB /* Main.storyboard */,
				49798C391F68CEC8003C0CEB /* Assets.xcassets */,
				49798C321F68CEC8003C0CEB /* AppDelegate.swift */,
				49798C3B1F68CEC8003C0CEB /* LaunchScreen.storyboard */,
				49798C3E1F68CEC8003C0CEB /* Info.plist */,
				49DE195C1F6B6FE4001EA719 /* PDFFile.swift */,
				49DE19601F6B724D001EA719 /* Constants.swift */,
				49975BB11F6F40BE009A0D1E /* SelectedRows.swift */,
				49DE19641F6B7A33001EA719 /* BaseTableViewController.swift */,
				49DE19661F6B8058001EA719 /* BaseViewController.swift */,
				49DD4BCD1F6D94DD0099A70B /* Reachability.swift */,
				49F8B9651F702B5400D30278 /* RequestUserReview.swift */,
			);
			path = "Razorback Transit";
			sourceTree = "<group>";
		};
		49798C461F68CEC9003C0CEB /* Razorback TransitTests */ = {
			isa = PBXGroup;
			children = (
				49798C471F68CEC9003C0CEB /* Razorback_TransitTests.swift */,
				49798C491F68CEC9003C0CEB /* Info.plist */,
			);
			path = "Razorback TransitTests";
			sourceTree = "<group>";
		};
		49798C511F68CEC9003C0CEB /* Razorback TransitUITests */ = {
			isa = PBXGroup;
			children = (
				49798C521F68CEC9003C0CEB /* Razorback_TransitUITests.swift */,
				49798C541F68CEC9003C0CEB /* Info.plist */,
			);
			path = "Razorback TransitUITests";
			sourceTree = "<group>";
		};
		49DE192E1F6B437F001EA719 /* View Controllers */ = {
			isa = PBXGroup;
			children = (
				49DE19531F6B5C71001EA719 /* ParkingMapViewController.swift */,
				49798C341F68CEC8003C0CEB /* LiveMapViewController.swift */,
				491E24421F68F9B300B5F2A0 /* ScheduleTableViewController.swift */,
				492F69A91F6A2FCE009C895C /* ScheduleViewController.swift */,
				495784701F6A4F29001B4539 /* RouteMapTableViewController.swift */,
				495784721F6A5087001B4539 /* RouteMapWebViewController.swift */,
			);
			name = "View Controllers";
			sourceTree = "<group>";
		};
		49DE192F1F6B4553001EA719 /* RegularRoutes */ = {
			isa = PBXGroup;
			children = (
				49DE193D1F6B47E5001EA719 /* REMOTEEXPRESS-48-ROUTE.pdf */,
				49DE193E1F6B47E5001EA719 /* PURPLE-44-ROUTE.pdf */,
				49DE193F1F6B47E5001EA719 /* TAN-35-ROUTE.pdf */,
				49DE19401F6B47E5001EA719 /* ORANGE-33-ROUTE.pdf */,
				49DE19411F6B47E5001EA719 /* RED-26-ROUTE.pdf */,
				49DE19421F6B47E5001EA719 /* BLUE-22-ROUTE.pdf */,
				49DE19431F6B47E5001EA719 /* BROWN-17-ROUTE.pdf */,
				49DE19441F6B47E5001EA719 /* ROUTE-13-ROUTE.pdf */,
				49DE19451F6B47E5001EA719 /* GREEN-11-ROUTE.pdf */,
				49DE19461F6B47E5001EA719 /* DICKSONST-07-ROUTE.pdf */,
			);
			name = RegularRoutes;
			sourceTree = "<group>";
		};
		49DE19301F6B455B001EA719 /* ReducedRoutes */ = {
			isa = PBXGroup;
			children = (
				49DE19311F6B47CD001EA719 /* REDREDUCED-06-ROUTE.pdf */,
				49DE19321F6B47CD001EA719 /* TANREDUCED-05-ROUTE.pdf */,
				49DE19331F6B47CD001EA719 /* PURPLEREDUCED-04-ROUTE.pdf */,
				49DE19341F6B47CD001EA719 /* ORANGEREDUCED-03-ROUTE.pdf */,
				49DE19351F6B47CD001EA719 /* BLUEREDUCED-02-ROUTE.pdf */,
				49DE19361F6B47CD001EA719 /* GREENREDUCED-01-ROUTE.pdf */,
			);
			name = ReducedRoutes;
			sourceTree = "<group>";
		};
		49DE19551F6B5FBA001EA719 /* Cells */ = {
			isa = PBXGroup;
			children = (
				4955E4921F68FB6700586CC1 /* CustomTableViewCell.swift */,
			);
			name = Cells;
			sourceTree = "<group>";
		};
/* End PBXGroup section */

/* Begin PBXNativeTarget section */
		49798C2E1F68CEC8003C0CEB /* Razorback Transit */ = {
			isa = PBXNativeTarget;
			buildConfigurationList = 49798C571F68CEC9003C0CEB /* Build configuration list for PBXNativeTarget "Razorback Transit" */;
			buildPhases = (
				49798C2B1F68CEC8003C0CEB /* Sources */,
				49798C2C1F68CEC8003C0CEB /* Frameworks */,
				49798C2D1F68CEC8003C0CEB /* Resources */,
			);
			buildRules = (
			);
			dependencies = (
			);
			name = "Razorback Transit";
			productName = "Razorback Transit";
			productReference = 49798C2F1F68CEC8003C0CEB /* Razorback Transit.app */;
			productType = "com.apple.product-type.application";
		};
		49798C421F68CEC9003C0CEB /* Razorback TransitTests */ = {
			isa = PBXNativeTarget;
			buildConfigurationList = 49798C5A1F68CEC9003C0CEB /* Build configuration list for PBXNativeTarget "Razorback TransitTests" */;
			buildPhases = (
				49798C3F1F68CEC9003C0CEB /* Sources */,
				49798C401F68CEC9003C0CEB /* Frameworks */,
				49798C411F68CEC9003C0CEB /* Resources */,
			);
			buildRules = (
			);
			dependencies = (
				49798C451F68CEC9003C0CEB /* PBXTargetDependency */,
			);
			name = "Razorback TransitTests";
			productName = "Razorback TransitTests";
			productReference = 49798C431F68CEC9003C0CEB /* Razorback TransitTests.xctest */;
			productType = "com.apple.product-type.bundle.unit-test";
		};
		49798C4D1F68CEC9003C0CEB /* Razorback TransitUITests */ = {
			isa = PBXNativeTarget;
			buildConfigurationList = 49798C5D1F68CEC9003C0CEB /* Build configuration list for PBXNativeTarget "Razorback TransitUITests" */;
			buildPhases = (
				49798C4A1F68CEC9003C0CEB /* Sources */,
				49798C4B1F68CEC9003C0CEB /* Frameworks */,
				49798C4C1F68CEC9003C0CEB /* Resources */,
			);
			buildRules = (
			);
			dependencies = (
				49798C501F68CEC9003C0CEB /* PBXTargetDependency */,
			);
			name = "Razorback TransitUITests";
			productName = "Razorback TransitUITests";
			productReference = 49798C4E1F68CEC9003C0CEB /* Razorback TransitUITests.xctest */;
			productType = "com.apple.product-type.bundle.ui-testing";
		};
/* End PBXNativeTarget section */

/* Begin PBXProject section */
		49798C271F68CEC8003C0CEB /* Project object */ = {
			isa = PBXProject;
			attributes = {
				LastSwiftUpdateCheck = 0830;
				LastUpgradeCheck = 0900;
				ORGANIZATIONNAME = "Andrew Beers";
				TargetAttributes = {
					49798C2E1F68CEC8003C0CEB = {
						CreatedOnToolsVersion = 8.3.3;
						LastSwiftMigration = 0900;
						ProvisioningStyle = Automatic;
					};
					49798C421F68CEC9003C0CEB = {
						CreatedOnToolsVersion = 8.3.3;
						LastSwiftMigration = 0900;
						ProvisioningStyle = Automatic;
						TestTargetID = 49798C2E1F68CEC8003C0CEB;
					};
					49798C4D1F68CEC9003C0CEB = {
						CreatedOnToolsVersion = 8.3.3;
						LastSwiftMigration = 0900;
						ProvisioningStyle = Automatic;
						TestTargetID = 49798C2E1F68CEC8003C0CEB;
					};
				};
			};
			buildConfigurationList = 49798C2A1F68CEC8003C0CEB /* Build configuration list for PBXProject "Razorback Transit" */;
			compatibilityVersion = "Xcode 8.0";
			developmentRegion = English;
			hasScannedForEncodings = 0;
			knownRegions = (
				en,
				Base,
			);
			mainGroup = 49798C261F68CEC8003C0CEB;
			productRefGroup = 49798C301F68CEC8003C0CEB /* Products */;
			projectDirPath = "";
			projectRoot = "";
			targets = (
				49798C2E1F68CEC8003C0CEB /* Razorback Transit */,
				49798C421F68CEC9003C0CEB /* Razorback TransitTests */,
				49798C4D1F68CEC9003C0CEB /* Razorback TransitUITests */,
			);
		};
/* End PBXProject section */

/* Begin PBXResourcesBuildPhase section */
		49798C2D1F68CEC8003C0CEB /* Resources */ = {
			isa = PBXResourcesBuildPhase;
			buildActionMask = 2147483647;
			files = (
				4957846D1F6A4B16001B4539 /* GREEN-11.pdf in Resources */,
				49DE19501F6B47E5001EA719 /* DICKSONST-07-ROUTE.pdf in Resources */,
				49DE19371F6B47CD001EA719 /* REDREDUCED-06-ROUTE.pdf in Resources */,
				49798C3D1F68CEC8003C0CEB /* LaunchScreen.storyboard in Resources */,
				4957846B1F6A4B16001B4539 /* PURPLE-44.pdf in Resources */,
				4957846C1F6A4B16001B4539 /* ORANGE-33.pdf in Resources */,
				4957846F1F6A4B16001B4539 /* BROWN-17.pdf in Resources */,
				49798C3A1F68CEC8003C0CEB /* Assets.xcassets in Resources */,
				49DE19471F6B47E5001EA719 /* REMOTEEXPRESS-48-ROUTE.pdf in Resources */,
				4984DE1A1F6B40780040F1CD /* GREENREDUCED-01.pdf in Resources */,
				49DE19391F6B47CD001EA719 /* PURPLEREDUCED-04-ROUTE.pdf in Resources */,
				492F69A81F6A22AF009C895C /* parkmap.pdf in Resources */,
				49DE193B1F6B47CD001EA719 /* BLUEREDUCED-02-ROUTE.pdf in Resources */,
				49DE19491F6B47E5001EA719 /* TAN-35-ROUTE.pdf in Resources */,
				49DE19481F6B47E5001EA719 /* PURPLE-44-ROUTE.pdf in Resources */,
				49DE194C1F6B47E5001EA719 /* BLUE-22-ROUTE.pdf in Resources */,
				495784681F6A4B16001B4539 /* ROUTE-13.pdf in Resources */,
				4984DE191F6B40780040F1CD /* BLUEREDUCED-02.pdf in Resources */,
				49DE194A1F6B47E5001EA719 /* ORANGE-33-ROUTE.pdf in Resources */,
				4957846E1F6A4B16001B4539 /* DICKSONST-07.pdf in Resources */,
				4984DE1B1F6B40780040F1CD /* ORANGEREDUCED-03.pdf in Resources */,
				49DE194E1F6B47E5001EA719 /* ROUTE-13-ROUTE.pdf in Resources */,
				49798C381F68CEC8003C0CEB /* Main.storyboard in Resources */,
				49DE19381F6B47CD001EA719 /* TANREDUCED-05-ROUTE.pdf in Resources */,
				4984DE1D1F6B40780040F1CD /* REDREDUCED-06.pdf in Resources */,
				4984DE1E1F6B40780040F1CD /* TANREDUCED-05.pdf in Resources */,
				4984DE1C1F6B40780040F1CD /* PURPLEREDUCED-04.pdf in Resources */,
				49DE194B1F6B47E5001EA719 /* RED-26-ROUTE.pdf in Resources */,
				49DE193C1F6B47CD001EA719 /* GREENREDUCED-01-ROUTE.pdf in Resources */,
				49DE194F1F6B47E5001EA719 /* GREEN-11-ROUTE.pdf in Resources */,
				49DE194D1F6B47E5001EA719 /* BROWN-17-ROUTE.pdf in Resources */,
				495784691F6A4B16001B4539 /* REMOTEEXPRESS-48.pdf in Resources */,
				495784671F6A4B16001B4539 /* TAN-35.pdf in Resources */,
				495784661F6A4B16001B4539 /* BLUE-22.pdf in Resources */,
				49DE193A1F6B47CD001EA719 /* ORANGEREDUCED-03-ROUTE.pdf in Resources */,
				4957846A1F6A4B16001B4539 /* RED-26.pdf in Resources */,
			);
			runOnlyForDeploymentPostprocessing = 0;
		};
		49798C411F68CEC9003C0CEB /* Resources */ = {
			isa = PBXResourcesBuildPhase;
			buildActionMask = 2147483647;
			files = (
			);
			runOnlyForDeploymentPostprocessing = 0;
		};
		49798C4C1F68CEC9003C0CEB /* Resources */ = {
			isa = PBXResourcesBuildPhase;
			buildActionMask = 2147483647;
			files = (
			);
			runOnlyForDeploymentPostprocessing = 0;
		};
/* End PBXResourcesBuildPhase section */

/* Begin PBXSourcesBuildPhase section */
		49798C2B1F68CEC8003C0CEB /* Sources */ = {
			isa = PBXSourcesBuildPhase;
			buildActionMask = 2147483647;
			files = (
				492F69AA1F6A2FCE009C895C /* ScheduleViewController.swift in Sources */,
				4955E4931F68FB6700586CC1 /* CustomTableViewCell.swift in Sources */,
				495784711F6A4F29001B4539 /* RouteMapTableViewController.swift in Sources */,
				495784731F6A5087001B4539 /* RouteMapWebViewController.swift in Sources */,
				49DE19671F6B8058001EA719 /* BaseViewController.swift in Sources */,
				49798C351F68CEC8003C0CEB /* LiveMapViewController.swift in Sources */,
				49F8B9661F702B5400D30278 /* RequestUserReview.swift in Sources */,
				49DE195D1F6B6FE4001EA719 /* PDFFile.swift in Sources */,
				49DD4BCE1F6D94DD0099A70B /* Reachability.swift in Sources */,
				491E24431F68F9B300B5F2A0 /* ScheduleTableViewController.swift in Sources */,
				49DE19651F6B7A33001EA719 /* BaseTableViewController.swift in Sources */,
				49798C331F68CEC8003C0CEB /* AppDelegate.swift in Sources */,
				49DE19541F6B5C71001EA719 /* ParkingMapViewController.swift in Sources */,
				49DE19611F6B724D001EA719 /* Constants.swift in Sources */,
				49975BB21F6F40BE009A0D1E /* SelectedRows.swift in Sources */,
			);
			runOnlyForDeploymentPostprocessing = 0;
		};
		49798C3F1F68CEC9003C0CEB /* Sources */ = {
			isa = PBXSourcesBuildPhase;
			buildActionMask = 2147483647;
			files = (
				49798C481F68CEC9003C0CEB /* Razorback_TransitTests.swift in Sources */,
			);
			runOnlyForDeploymentPostprocessing = 0;
		};
		49798C4A1F68CEC9003C0CEB /* Sources */ = {
			isa = PBXSourcesBuildPhase;
			buildActionMask = 2147483647;
			files = (
				49798C531F68CEC9003C0CEB /* Razorback_TransitUITests.swift in Sources */,
			);
			runOnlyForDeploymentPostprocessing = 0;
		};
/* End PBXSourcesBuildPhase section */

/* Begin PBXTargetDependency section */
		49798C451F68CEC9003C0CEB /* PBXTargetDependency */ = {
			isa = PBXTargetDependency;
			target = 49798C2E1F68CEC8003C0CEB /* Razorback Transit */;
			targetProxy = 49798C441F68CEC9003C0CEB /* PBXContainerItemProxy */;
		};
		49798C501F68CEC9003C0CEB /* PBXTargetDependency */ = {
			isa = PBXTargetDependency;
			target = 49798C2E1F68CEC8003C0CEB /* Razorback Transit */;
			targetProxy = 49798C4F1F68CEC9003C0CEB /* PBXContainerItemProxy */;
		};
/* End PBXTargetDependency section */

/* Begin PBXVariantGroup section */
		49798C361F68CEC8003C0CEB /* Main.storyboard */ = {
			isa = PBXVariantGroup;
			children = (
				49798C371F68CEC8003C0CEB /* Base */,
			);
			name = Main.storyboard;
			sourceTree = "<group>";
		};
		49798C3B1F68CEC8003C0CEB /* LaunchScreen.storyboard */ = {
			isa = PBXVariantGroup;
			children = (
				49798C3C1F68CEC8003C0CEB /* Base */,
			);
			name = LaunchScreen.storyboard;
			sourceTree = "<group>";
		};
/* End PBXVariantGroup section */

/* Begin XCBuildConfiguration section */
		49798C551F68CEC9003C0CEB /* Debug */ = {
			isa = XCBuildConfiguration;
			buildSettings = {
				ALWAYS_SEARCH_USER_PATHS = NO;
				CLANG_ANALYZER_NONNULL = YES;
				CLANG_ANALYZER_NUMBER_OBJECT_CONVERSION = YES_AGGRESSIVE;
				CLANG_CXX_LANGUAGE_STANDARD = "gnu++0x";
				CLANG_CXX_LIBRARY = "libc++";
				CLANG_ENABLE_MODULES = YES;
				CLANG_ENABLE_OBJC_ARC = YES;
				CLANG_WARN_BLOCK_CAPTURE_AUTORELEASING = YES;
				CLANG_WARN_BOOL_CONVERSION = YES;
				CLANG_WARN_COMMA = YES;
				CLANG_WARN_CONSTANT_CONVERSION = YES;
				CLANG_WARN_DIRECT_OBJC_ISA_USAGE = YES_ERROR;
				CLANG_WARN_DOCUMENTATION_COMMENTS = YES;
				CLANG_WARN_EMPTY_BODY = YES;
				CLANG_WARN_ENUM_CONVERSION = YES;
				CLANG_WARN_INFINITE_RECURSION = YES;
				CLANG_WARN_INT_CONVERSION = YES;
				CLANG_WARN_NON_LITERAL_NULL_CONVERSION = YES;
				CLANG_WARN_OBJC_LITERAL_CONVERSION = YES;
				CLANG_WARN_OBJC_ROOT_CLASS = YES_ERROR;
				CLANG_WARN_RANGE_LOOP_ANALYSIS = YES;
				CLANG_WARN_STRICT_PROTOTYPES = YES;
				CLANG_WARN_SUSPICIOUS_MOVE = YES;
				CLANG_WARN_UNREACHABLE_CODE = YES;
				CLANG_WARN__DUPLICATE_METHOD_MATCH = YES;
				"CODE_SIGN_IDENTITY[sdk=iphoneos*]" = "iPhone Developer";
				COPY_PHASE_STRIP = NO;
				DEBUG_INFORMATION_FORMAT = dwarf;
				ENABLE_STRICT_OBJC_MSGSEND = YES;
				ENABLE_TESTABILITY = YES;
				GCC_C_LANGUAGE_STANDARD = gnu99;
				GCC_DYNAMIC_NO_PIC = NO;
				GCC_NO_COMMON_BLOCKS = YES;
				GCC_OPTIMIZATION_LEVEL = 0;
				GCC_PREPROCESSOR_DEFINITIONS = (
					"DEBUG=1",
					"$(inherited)",
				);
				GCC_WARN_64_TO_32_BIT_CONVERSION = YES;
				GCC_WARN_ABOUT_RETURN_TYPE = YES_ERROR;
				GCC_WARN_UNDECLARED_SELECTOR = YES;
				GCC_WARN_UNINITIALIZED_AUTOS = YES_AGGRESSIVE;
				GCC_WARN_UNUSED_FUNCTION = YES;
				GCC_WARN_UNUSED_VARIABLE = YES;
				IPHONEOS_DEPLOYMENT_TARGET = 10.3;
				MTL_ENABLE_DEBUG_INFO = YES;
				ONLY_ACTIVE_ARCH = YES;
				SDKROOT = iphoneos;
				SWIFT_ACTIVE_COMPILATION_CONDITIONS = DEBUG;
				SWIFT_OPTIMIZATION_LEVEL = "-Onone";
				SWIFT_SWIFT3_OBJC_INFERENCE = Default;
			};
			name = Debug;
		};
		49798C561F68CEC9003C0CEB /* Release */ = {
			isa = XCBuildConfiguration;
			buildSettings = {
				ALWAYS_SEARCH_USER_PATHS = NO;
				CLANG_ANALYZER_NONNULL = YES;
				CLANG_ANALYZER_NUMBER_OBJECT_CONVERSION = YES_AGGRESSIVE;
				CLANG_CXX_LANGUAGE_STANDARD = "gnu++0x";
				CLANG_CXX_LIBRARY = "libc++";
				CLANG_ENABLE_MODULES = YES;
				CLANG_ENABLE_OBJC_ARC = YES;
				CLANG_WARN_BLOCK_CAPTURE_AUTORELEASING = YES;
				CLANG_WARN_BOOL_CONVERSION = YES;
				CLANG_WARN_COMMA = YES;
				CLANG_WARN_CONSTANT_CONVERSION = YES;
				CLANG_WARN_DIRECT_OBJC_ISA_USAGE = YES_ERROR;
				CLANG_WARN_DOCUMENTATION_COMMENTS = YES;
				CLANG_WARN_EMPTY_BODY = YES;
				CLANG_WARN_ENUM_CONVERSION = YES;
				CLANG_WARN_INFINITE_RECURSION = YES;
				CLANG_WARN_INT_CONVERSION = YES;
				CLANG_WARN_NON_LITERAL_NULL_CONVERSION = YES;
				CLANG_WARN_OBJC_LITERAL_CONVERSION = YES;
				CLANG_WARN_OBJC_ROOT_CLASS = YES_ERROR;
				CLANG_WARN_RANGE_LOOP_ANALYSIS = YES;
				CLANG_WARN_STRICT_PROTOTYPES = YES;
				CLANG_WARN_SUSPICIOUS_MOVE = YES;
				CLANG_WARN_UNREACHABLE_CODE = YES;
				CLANG_WARN__DUPLICATE_METHOD_MATCH = YES;
				"CODE_SIGN_IDENTITY[sdk=iphoneos*]" = "iPhone Developer";
				COPY_PHASE_STRIP = NO;
				DEBUG_INFORMATION_FORMAT = "dwarf-with-dsym";
				ENABLE_NS_ASSERTIONS = NO;
				ENABLE_STRICT_OBJC_MSGSEND = YES;
				GCC_C_LANGUAGE_STANDARD = gnu99;
				GCC_NO_COMMON_BLOCKS = YES;
				GCC_WARN_64_TO_32_BIT_CONVERSION = YES;
				GCC_WARN_ABOUT_RETURN_TYPE = YES_ERROR;
				GCC_WARN_UNDECLARED_SELECTOR = YES;
				GCC_WARN_UNINITIALIZED_AUTOS = YES_AGGRESSIVE;
				GCC_WARN_UNUSED_FUNCTION = YES;
				GCC_WARN_UNUSED_VARIABLE = YES;
				IPHONEOS_DEPLOYMENT_TARGET = 10.3;
				MTL_ENABLE_DEBUG_INFO = NO;
				SDKROOT = iphoneos;
				SWIFT_OPTIMIZATION_LEVEL = "-Owholemodule";
				SWIFT_SWIFT3_OBJC_INFERENCE = Default;
				VALIDATE_PRODUCT = YES;
			};
			name = Release;
		};
		49798C581F68CEC9003C0CEB /* Debug */ = {
			isa = XCBuildConfiguration;
			buildSettings = {
				ASSETCATALOG_COMPILER_APPICON_NAME = AppIcon;
				DEVELOPMENT_TEAM = GQQX4L6TE2;
				INFOPLIST_FILE = "Razorback Transit/Info.plist";
				IPHONEOS_DEPLOYMENT_TARGET = 11.0;
				LD_RUNPATH_SEARCH_PATHS = "$(inherited) @executable_path/Frameworks";
				LLVM_LTO = YES;
				PRODUCT_BUNDLE_IDENTIFIER = arcu.razorbacktransit;
				PRODUCT_NAME = "$(TARGET_NAME)";
				SWIFT_SWIFT3_OBJC_INFERENCE = Default;
				SWIFT_VERSION = 4.0;
				TARGETED_DEVICE_FAMILY = 1;
			};
			name = Debug;
		};
		49798C591F68CEC9003C0CEB /* Release */ = {
			isa = XCBuildConfiguration;
			buildSettings = {
				ASSETCATALOG_COMPILER_APPICON_NAME = AppIcon;
				DEVELOPMENT_TEAM = GQQX4L6TE2;
				GCC_OPTIMIZATION_LEVEL = 3;
				INFOPLIST_FILE = "Razorback Transit/Info.plist";
				IPHONEOS_DEPLOYMENT_TARGET = 11.0;
				LD_RUNPATH_SEARCH_PATHS = "$(inherited) @executable_path/Frameworks";
				LLVM_LTO = YES;
				PRODUCT_BUNDLE_IDENTIFIER = arcu.razorbacktransit;
				PRODUCT_NAME = "$(TARGET_NAME)";
				SWIFT_SWIFT3_OBJC_INFERENCE = Default;
				SWIFT_VERSION = 4.0;
				TARGETED_DEVICE_FAMILY = 1;
			};
			name = Release;
		};
		49798C5B1F68CEC9003C0CEB /* Debug */ = {
			isa = XCBuildConfiguration;
			buildSettings = {
				ALWAYS_EMBED_SWIFT_STANDARD_LIBRARIES = YES;
				BUNDLE_LOADER = "$(TEST_HOST)";
				DEVELOPMENT_TEAM = G3446S9BE4;
				INFOPLIST_FILE = "Razorback TransitTests/Info.plist";
				LD_RUNPATH_SEARCH_PATHS = "$(inherited) @executable_path/Frameworks @loader_path/Frameworks";
				PRODUCT_BUNDLE_IDENTIFIER = "arcu.Razorback-TransitTests";
				PRODUCT_NAME = "$(TARGET_NAME)";
				SWIFT_SWIFT3_OBJC_INFERENCE = On;
				SWIFT_VERSION = 4.0;
				TEST_HOST = "$(BUILT_PRODUCTS_DIR)/Razorback Transit.app/Razorback Transit";
			};
			name = Debug;
		};
		49798C5C1F68CEC9003C0CEB /* Release */ = {
			isa = XCBuildConfiguration;
			buildSettings = {
				ALWAYS_EMBED_SWIFT_STANDARD_LIBRARIES = YES;
				BUNDLE_LOADER = "$(TEST_HOST)";
				DEVELOPMENT_TEAM = G3446S9BE4;
				INFOPLIST_FILE = "Razorback TransitTests/Info.plist";
				LD_RUNPATH_SEARCH_PATHS = "$(inherited) @executable_path/Frameworks @loader_path/Frameworks";
				PRODUCT_BUNDLE_IDENTIFIER = "arcu.Razorback-TransitTests";
				PRODUCT_NAME = "$(TARGET_NAME)";
				SWIFT_SWIFT3_OBJC_INFERENCE = On;
				SWIFT_VERSION = 4.0;
				TEST_HOST = "$(BUILT_PRODUCTS_DIR)/Razorback Transit.app/Razorback Transit";
			};
			name = Release;
		};
		49798C5E1F68CEC9003C0CEB /* Debug */ = {
			isa = XCBuildConfiguration;
			buildSettings = {
				ALWAYS_EMBED_SWIFT_STANDARD_LIBRARIES = YES;
				DEVELOPMENT_TEAM = G3446S9BE4;
				INFOPLIST_FILE = "Razorback TransitUITests/Info.plist";
				LD_RUNPATH_SEARCH_PATHS = "$(inherited) @executable_path/Frameworks @loader_path/Frameworks";
				PRODUCT_BUNDLE_IDENTIFIER = "arcu.Razorback-TransitUITests";
				PRODUCT_NAME = "$(TARGET_NAME)";
				SWIFT_SWIFT3_OBJC_INFERENCE = On;
				SWIFT_VERSION = 4.0;
				TEST_TARGET_NAME = "Razorback Transit";
			};
			name = Debug;
		};
		49798C5F1F68CEC9003C0CEB /* Release */ = {
			isa = XCBuildConfiguration;
			buildSettings = {
				ALWAYS_EMBED_SWIFT_STANDARD_LIBRARIES = YES;
				DEVELOPMENT_TEAM = G3446S9BE4;
				INFOPLIST_FILE = "Razorback TransitUITests/Info.plist";
				LD_RUNPATH_SEARCH_PATHS = "$(inherited) @executable_path/Frameworks @loader_path/Frameworks";
				PRODUCT_BUNDLE_IDENTIFIER = "arcu.Razorback-TransitUITests";
				PRODUCT_NAME = "$(TARGET_NAME)";
				SWIFT_SWIFT3_OBJC_INFERENCE = On;
				SWIFT_VERSION = 4.0;
				TEST_TARGET_NAME = "Razorback Transit";
			};
			name = Release;
		};
/* End XCBuildConfiguration section */

/* Begin XCConfigurationList section */
		49798C2A1F68CEC8003C0CEB /* Build configuration list for PBXProject "Razorback Transit" */ = {
			isa = XCConfigurationList;
			buildConfigurations = (
				49798C551F68CEC9003C0CEB /* Debug */,
				49798C561F68CEC9003C0CEB /* Release */,
			);
			defaultConfigurationIsVisible = 0;
			defaultConfigurationName = Release;
		};
		49798C571F68CEC9003C0CEB /* Build configuration list for PBXNativeTarget "Razorback Transit" */ = {
			isa = XCConfigurationList;
			buildConfigurations = (
				49798C581F68CEC9003C0CEB /* Debug */,
				49798C591F68CEC9003C0CEB /* Release */,
			);
			defaultConfigurationIsVisible = 0;
			defaultConfigurationName = Release;
		};
		49798C5A1F68CEC9003C0CEB /* Build configuration list for PBXNativeTarget "Razorback TransitTests" */ = {
			isa = XCConfigurationList;
			buildConfigurations = (
				49798C5B1F68CEC9003C0CEB /* Debug */,
				49798C5C1F68CEC9003C0CEB /* Release */,
			);
			defaultConfigurationIsVisible = 0;
			defaultConfigurationName = Release;
		};
		49798C5D1F68CEC9003C0CEB /* Build configuration list for PBXNativeTarget "Razorback TransitUITests" */ = {
			isa = XCConfigurationList;
			buildConfigurations = (
				49798C5E1F68CEC9003C0CEB /* Debug */,
				49798C5F1F68CEC9003C0CEB /* Release */,
			);
			defaultConfigurationIsVisible = 0;
			defaultConfigurationName = Release;
		};
/* End XCConfigurationList section */
	};
	rootObject = 49798C271F68CEC8003C0CEB /* Project object */;
}
